
Microsoft Visual Studio Solution File, Format Version 12.00
# Visual Studio Version 16
VisualStudioVersion = 16.0.33214.272
MinimumVisualStudioVersion = 10.0.40219.1
Project("{13B669BE-BB05-4DDF-9536-439F39A36129}") = "MachSim", "MachSim.phpproj", "{8BC89882-26BC-4623-BE8B-F518ED5EA4A2}"
EndProject
Global
	GlobalSection(SolutionConfigurationPlatforms) = preSolution
		Debug|Any CPU = Debug|Any CPU
		Release|Any CPU = Release|Any CPU
	EndGlobalSection
	GlobalSection(ProjectConfigurationPlatforms) = postSolution
		{8BC89882-26BC-4623-BE8B-F518ED5EA4A2}.Debug|Any CPU.ActiveCfg = Debug|Any CPU
		{8BC89882-26BC-4623-BE8B-F518ED5EA4A2}.Debug|Any CPU.Build.0 = Debug|Any CPU
		{8BC89882-26BC-4623-BE8B-F518ED5EA4A2}.Release|Any CPU.ActiveCfg = Release|Any CPU
		{8BC89882-26BC-4623-BE8B-F518ED5EA4A2}.Release|Any CPU.Build.0 = Release|Any CPU
	EndGlobalSection
	GlobalSection(SolutionProperties) = preSolution
		HideSolutionNode = FALSE
	EndGlobalSection
	GlobalSection(ExtensibilityGlobals) = postSolution
		SolutionGuid = {1C7C5BAA-BD42-4460-B7F8-39057B1ADBF2}
	EndGlobalSection
EndGlobal
